
Microsoft Visual Studio Solution File, Format Version 12.00
# Visual Studio Version 17
VisualStudioVersion = 17.9.34616.47
MinimumVisualStudioVersion = 10.0.40219.1
Project("{FAE04EC0-301F-11D3-BF4B-00C04F79EFBC}") = "Battleships", "Battleships\Battleships.csproj", "{CE8BAE12-6416-494E-8327-3A61356A6CF5}"
EndProject
Project("{2150E333-8FDC-42A3-9474-1A3956D46DE8}") = "Elementy rozwiązania", "Elementy rozwiązania", "{BD21E93E-EED1-4D19-9541-F0C53B991F95}"
EndProject
Global
	GlobalSection(SolutionConfigurationPlatforms) = preSolution
		Debug|Any CPU = Debug|Any CPU
		Release|Any CPU = Release|Any CPU
	EndGlobalSection
	GlobalSection(ProjectConfigurationPlatforms) = postSolution
		{CE8BAE12-6416-494E-8327-3A61356A6CF5}.Debug|Any CPU.ActiveCfg = Debug|Any CPU
		{CE8BAE12-6416-494E-8327-3A61356A6CF5}.Debug|Any CPU.Build.0 = Debug|Any CPU
		{CE8BAE12-6416-494E-8327-3A61356A6CF5}.Release|Any CPU.ActiveCfg = Release|Any CPU
		{CE8BAE12-6416-494E-8327-3A61356A6CF5}.Release|Any CPU.Build.0 = Release|Any CPU
	EndGlobalSection
	GlobalSection(SolutionProperties) = preSolution
		HideSolutionNode = FALSE
	EndGlobalSection
	GlobalSection(ExtensibilityGlobals) = postSolution
		SolutionGuid = {84F8E9CF-820A-4EFF-A16C-23A8AE30C622}
	EndGlobalSection
EndGlobal
